
Microsoft Visual Studio Solution File, Format Version 12.00
# Visual Studio Version 16
VisualStudioVersion = 16.0.30114.105
MinimumVisualStudioVersion = 10.0.40219.1
Project("{FAE04EC0-301F-11D3-BF4B-00C04F79EFBC}") = "AnnualBudget", "AnnualBudget\AnnualBudget.csproj", "{CDFCFC72-1A62-4C6E-AA7F-05090F4542D7}"
EndProject
Global
	GlobalSection(SolutionConfigurationPlatforms) = preSolution
		Debug|Any CPU = Debug|Any CPU
		Release|Any CPU = Release|Any CPU
	EndGlobalSection
	GlobalSection(ProjectConfigurationPlatforms) = postSolution
		{CDFCFC72-1A62-4C6E-AA7F-05090F4542D7}.Debug|Any CPU.ActiveCfg = Debug|Any CPU
		{CDFCFC72-1A62-4C6E-AA7F-05090F4542D7}.Debug|Any CPU.Build.0 = Debug|Any CPU
		{CDFCFC72-1A62-4C6E-AA7F-05090F4542D7}.Release|Any CPU.ActiveCfg = Release|Any CPU
		{CDFCFC72-1A62-4C6E-AA7F-05090F4542D7}.Release|Any CPU.Build.0 = Release|Any CPU
	EndGlobalSection
	GlobalSection(SolutionProperties) = preSolution
		HideSolutionNode = FALSE
	EndGlobalSection
	GlobalSection(ExtensibilityGlobals) = postSolution
		SolutionGuid = {67BB8E6D-823D-4F04-8B50-E29CEA7DAE2E}
	EndGlobalSection
EndGlobal
